// !$*UTF8*$!
{
	archiveVersion = 1;
	classes = {
	};
	objectVersion = 56;
	objects = {

/* Begin PBXBuildFile section */
		D13DBA842A334EC3008BB9AF /* pruebaApp.swift in Sources */ = {isa = PBXBuildFile; fileRef = D13DBA832A334EC3008BB9AF /* pruebaApp.swift */; };
		D13DBA862A334EC3008BB9AF /* ContentView.swift in Sources */ = {isa = PBXBuildFile; fileRef = D13DBA852A334EC3008BB9AF /* ContentView.swift */; };
		D13DBA882A334EC5008BB9AF /* Assets.xcassets in Resources */ = {isa = PBXBuildFile; fileRef = D13DBA872A334EC5008BB9AF /* Assets.xcassets */; };
		D13DBA8B2A334EC5008BB9AF /* Preview Assets.xcassets in Resources */ = {isa = PBXBuildFile; fileRef = D13DBA8A2A334EC5008BB9AF /* Preview Assets.xcassets */; };
		D13DBA8D2A334EC5008BB9AF /* Item.swift in Sources */ = {isa = PBXBuildFile; fileRef = D13DBA8C2A334EC5008BB9AF /* Item.swift */; };
		D13DBA982A334EC5008BB9AF /* pruebaTests.swift in Sources */ = {isa = PBXBuildFile; fileRef = D13DBA972A334EC5008BB9AF /* pruebaTests.swift */; };
		D13DBAA22A334EC5008BB9AF /* pruebaUITests.swift in Sources */ = {isa = PBXBuildFile; fileRef = D13DBAA12A334EC5008BB9AF /* pruebaUITests.swift */; };
		D13DBAA42A334EC5008BB9AF /* pruebaUITestsLaunchTests.swift in Sources */ = {isa = PBXBuildFile; fileRef = D13DBAA32A334EC5008BB9AF /* pruebaUITestsLaunchTests.swift */; };
/* End PBXBuildFile section */

/* Begin PBXContainerItemProxy section */
		D13DBA942A334EC5008BB9AF /* PBXContainerItemProxy */ = {
			isa = PBXContainerItemProxy;
			containerPortal = D13DBA782A334EC3008BB9AF /* Project object */;
			proxyType = 1;
			remoteGlobalIDString = D13DBA7F2A334EC3008BB9AF;
			remoteInfo = prueba;
		};
		D13DBA9E2A334EC5008BB9AF /* PBXContainerItemProxy */ = {
			isa = PBXContainerItemProxy;
			containerPortal = D13DBA782A334EC3008BB9AF /* Project object */;
			proxyType = 1;
			remoteGlobalIDString = D13DBA7F2A334EC3008BB9AF;
			remoteInfo = prueba;
		};
/* End PBXContainerItemProxy section */

/* Begin PBXFileReference section */
		D13DBA802A334EC3008BB9AF /* prueba.app */ = {isa = PBXFileReference; explicitFileType = wrapper.application; includeInIndex = 0; path = prueba.app; sourceTree = BUILT_PRODUCTS_DIR; };
		D13DBA832A334EC3008BB9AF /* pruebaApp.swift */ = {isa = PBXFileReference; lastKnownFileType = sourcecode.swift; path = pruebaApp.swift; sourceTree = "<group>"; };
		D13DBA852A334EC3008BB9AF /* ContentView.swift */ = {isa = PBXFileReference; lastKnownFileType = sourcecode.swift; path = ContentView.swift; sourceTree = "<group>"; };
		D13DBA872A334EC5008BB9AF /* Assets.xcassets */ = {isa = PBXFileReference; lastKnownFileType = folder.assetcatalog; path = Assets.xcassets; sourceTree = "<group>"; };
		D13DBA8A2A334EC5008BB9AF /* Preview Assets.xcassets */ = {isa = PBXFileReference; lastKnownFileType = folder.assetcatalog; path = "Preview Assets.xcassets"; sourceTree = "<group>"; };
		D13DBA8C2A334EC5008BB9AF /* Item.swift */ = {isa = PBXFileReference; lastKnownFileType = sourcecode.swift; path = Item.swift; sourceTree = "<group>"; };
		D13DBA8E2A334EC5008BB9AF /* prueba.entitlements */ = {isa = PBXFileReference; lastKnownFileType = text.plist.entitlements; path = prueba.entitlements; sourceTree = "<group>"; };
		D13DBA932A334EC5008BB9AF /* pruebaTests.xctest */ = {isa = PBXFileReference; explicitFileType = wrapper.cfbundle; includeInIndex = 0; path = pruebaTests.xctest; sourceTree = BUILT_PRODUCTS_DIR; };
		D13DBA972A334EC5008BB9AF /* pruebaTests.swift */ = {isa = PBXFileReference; lastKnownFileType = sourcecode.swift; path = pruebaTests.swift; sourceTree = "<group>"; };
		D13DBA9D2A334EC5008BB9AF /* pruebaUITests.xctest */ = {isa = PBXFileReference; explicitFileType = wrapper.cfbundle; includeInIndex = 0; path = pruebaUITests.xctest; sourceTree = BUILT_PRODUCTS_DIR; };
		D13DBAA12A334EC5008BB9AF /* pruebaUITests.swift */ = {isa = PBXFileReference; lastKnownFileType = sourcecode.swift; path = pruebaUITests.swift; sourceTree = "<group>"; };
		D13DBAA32A334EC5008BB9AF /* pruebaUITestsLaunchTests.swift */ = {isa = PBXFileReference; lastKnownFileType = sourcecode.swift; path = pruebaUITestsLaunchTests.swift; sourceTree = "<group>"; };
/* End PBXFileReference section */

/* Begin PBXFrameworksBuildPhase section */
		D13DBA7D2A334EC3008BB9AF /* Frameworks */ = {
			isa = PBXFrameworksBuildPhase;
			buildActionMask = 2147483647;
			files = (
			);
			runOnlyForDeploymentPostprocessing = 0;
		};
		D13DBA902A334EC5008BB9AF /* Frameworks */ = {
			isa = PBXFrameworksBuildPhase;
			buildActionMask = 2147483647;
			files = (
			);
			runOnlyForDeploymentPostprocessing = 0;
		};
		D13DBA9A2A334EC5008BB9AF /* Frameworks */ = {
			isa = PBXFrameworksBuildPhase;
			buildActionMask = 2147483647;
			files = (
			);
			runOnlyForDeploymentPostprocessing = 0;
		};
/* End PBXFrameworksBuildPhase section */

/* Begin PBXGroup section */
		D13DBA772A334EC3008BB9AF = {
			isa = PBXGroup;
			children = (
				D13DBA822A334EC3008BB9AF /* prueba */,
				D13DBA962A334EC5008BB9AF /* pruebaTests */,
				D13DBAA02A334EC5008BB9AF /* pruebaUITests */,
				D13DBA812A334EC3008BB9AF /* Products */,
			);
			sourceTree = "<group>";
		};
		D13DBA812A334EC3008BB9AF /* Products */ = {
			isa = PBXGroup;
			children = (
				D13DBA802A334EC3008BB9AF /* prueba.app */,
				D13DBA932A334EC5008BB9AF /* pruebaTests.xctest */,
				D13DBA9D2A334EC5008BB9AF /* pruebaUITests.xctest */,
			);
			name = Products;
			sourceTree = "<group>";
		};
		D13DBA822A334EC3008BB9AF /* prueba */ = {
			isa = PBXGroup;
			children = (
				D13DBA832A334EC3008BB9AF /* pruebaApp.swift */,
				D13DBA852A334EC3008BB9AF /* ContentView.swift */,
				D13DBA872A334EC5008BB9AF /* Assets.xcassets */,
				D13DBA8C2A334EC5008BB9AF /* Item.swift */,
				D13DBA8E2A334EC5008BB9AF /* prueba.entitlements */,
				D13DBA892A334EC5008BB9AF /* Preview Content */,
			);
			path = prueba;
			sourceTree = "<group>";
		};
		D13DBA892A334EC5008BB9AF /* Preview Content */ = {
			isa = PBXGroup;
			children = (
				D13DBA8A2A334EC5008BB9AF /* Preview Assets.xcassets */,
			);
			path = "Preview Content";
			sourceTree = "<group>";
		};
		D13DBA962A334EC5008BB9AF /* pruebaTests */ = {
			isa = PBXGroup;
			children = (
				D13DBA972A334EC5008BB9AF /* pruebaTests.swift */,
			);
			path = pruebaTests;
			sourceTree = "<group>";
		};
		D13DBAA02A334EC5008BB9AF /* pruebaUITests */ = {
			isa = PBXGroup;
			children = (
				D13DBAA12A334EC5008BB9AF /* pruebaUITests.swift */,
				D13DBAA32A334EC5008BB9AF /* pruebaUITestsLaunchTests.swift */,
			);
			path = pruebaUITests;
			sourceTree = "<group>";
		};
/* End PBXGroup section */

/* Begin PBXNativeTarget section */
		D13DBA7F2A334EC3008BB9AF /* prueba */ = {
			isa = PBXNativeTarget;
			buildConfigurationList = D13DBAA72A334EC5008BB9AF /* Build configuration list for PBXNativeTarget "prueba" */;
			buildPhases = (
				D13DBA7C2A334EC3008BB9AF /* Sources */,
				D13DBA7D2A334EC3008BB9AF /* Frameworks */,
				D13DBA7E2A334EC3008BB9AF /* Resources */,
			);
			buildRules = (
			);
			dependencies = (
			);
			name = prueba;
			productName = prueba;
			productReference = D13DBA802A334EC3008BB9AF /* prueba.app */;
			productType = "com.apple.product-type.application";
		};
		D13DBA922A334EC5008BB9AF /* pruebaTests */ = {
			isa = PBXNativeTarget;
			buildConfigurationList = D13DBAAA2A334EC5008BB9AF /* Build configuration list for PBXNativeTarget "pruebaTests" */;
			buildPhases = (
				D13DBA8F2A334EC5008BB9AF /* Sources */,
				D13DBA902A334EC5008BB9AF /* Frameworks */,
				D13DBA912A334EC5008BB9AF /* Resources */,
			);
			buildRules = (
			);
			dependencies = (
				D13DBA952A334EC5008BB9AF /* PBXTargetDependency */,
			);
			name = pruebaTests;
			productName = pruebaTests;
			productReference = D13DBA932A334EC5008BB9AF /* pruebaTests.xctest */;
			productType = "com.apple.product-type.bundle.unit-test";
		};
		D13DBA9C2A334EC5008BB9AF /* pruebaUITests */ = {
			isa = PBXNativeTarget;
			buildConfigurationList = D13DBAAD2A334EC5008BB9AF /* Build configuration list for PBXNativeTarget "pruebaUITests" */;
			buildPhases = (
				D13DBA992A334EC5008BB9AF /* Sources */,
				D13DBA9A2A334EC5008BB9AF /* Frameworks */,
				D13DBA9B2A334EC5008BB9AF /* Resources */,
			);
			buildRules = (
			);
			dependencies = (
				D13DBA9F2A334EC5008BB9AF /* PBXTargetDependency */,
			);
			name = pruebaUITests;
			productName = pruebaUITests;
			productReference = D13DBA9D2A334EC5008BB9AF /* pruebaUITests.xctest */;
			productType = "com.apple.product-type.bundle.ui-testing";
		};
/* End PBXNativeTarget section */

/* Begin PBXProject section */
		D13DBA782A334EC3008BB9AF /* Project object */ = {
			isa = PBXProject;
			attributes = {
				BuildIndependentTargetsInParallel = 1;
				LastSwiftUpdateCheck = 1500;
				LastUpgradeCheck = 1500;
				TargetAttributes = {
					D13DBA7F2A334EC3008BB9AF = {
						CreatedOnToolsVersion = 15.0;
					};
					D13DBA922A334EC5008BB9AF = {
						CreatedOnToolsVersion = 15.0;
						TestTargetID = D13DBA7F2A334EC3008BB9AF;
					};
					D13DBA9C2A334EC5008BB9AF = {
						CreatedOnToolsVersion = 15.0;
						TestTargetID = D13DBA7F2A334EC3008BB9AF;
					};
				};
			};
			buildConfigurationList = D13DBA7B2A334EC3008BB9AF /* Build configuration list for PBXProject "prueba" */;
			compatibilityVersion = "Xcode 14.0";
			developmentRegion = en;
			hasScannedForEncodings = 0;
			knownRegions = (
				en,
				Base,
			);
			mainGroup = D13DBA772A334EC3008BB9AF;
			productRefGroup = D13DBA812A334EC3008BB9AF /* Products */;
			projectDirPath = "";
			projectRoot = "";
			targets = (
				D13DBA7F2A334EC3008BB9AF /* prueba */,
				D13DBA922A334EC5008BB9AF /* pruebaTests */,
				D13DBA9C2A334EC5008BB9AF /* pruebaUITests */,
			);
		};
/* End PBXProject section */

/* Begin PBXResourcesBuildPhase section */
		D13DBA7E2A334EC3008BB9AF /* Resources */ = {
			isa = PBXResourcesBuildPhase;
			buildActionMask = 2147483647;
			files = (
				D13DBA8B2A334EC5008BB9AF /* Preview Assets.xcassets in Resources */,
				D13DBA882A334EC5008BB9AF /* Assets.xcassets in Resources */,
			);
			runOnlyForDeploymentPostprocessing = 0;
		};
		D13DBA912A334EC5008BB9AF /* Resources */ = {
			isa = PBXResourcesBuildPhase;
			buildActionMask = 2147483647;
			files = (
			);
			runOnlyForDeploymentPostprocessing = 0;
		};
		D13DBA9B2A334EC5008BB9AF /* Resources */ = {
			isa = PBXResourcesBuildPhase;
			buildActionMask = 2147483647;
			files = (
			);
			runOnlyForDeploymentPostprocessing = 0;
		};
/* End PBXResourcesBuildPhase section */

/* Begin PBXSourcesBuildPhase section */
		D13DBA7C2A334EC3008BB9AF /* Sources */ = {
			isa = PBXSourcesBuildPhase;
			buildActionMask = 2147483647;
			files = (
				D13DBA862A334EC3008BB9AF /* ContentView.swift in Sources */,
				D13DBA8D2A334EC5008BB9AF /* Item.swift in Sources */,
				D13DBA842A334EC3008BB9AF /* pruebaApp.swift in Sources */,
			);
			runOnlyForDeploymentPostprocessing = 0;
		};
		D13DBA8F2A334EC5008BB9AF /* Sources */ = {
			isa = PBXSourcesBuildPhase;
			buildActionMask = 2147483647;
			files = (
				D13DBA982A334EC5008BB9AF /* pruebaTests.swift in Sources */,
			);
			runOnlyForDeploymentPostprocessing = 0;
		};
		D13DBA992A334EC5008BB9AF /* Sources */ = {
			isa = PBXSourcesBuildPhase;
			buildActionMask = 2147483647;
			files = (
				D13DBAA22A334EC5008BB9AF /* pruebaUITests.swift in Sources */,
				D13DBAA42A334EC5008BB9AF /* pruebaUITestsLaunchTests.swift in Sources */,
			);
			runOnlyForDeploymentPostprocessing = 0;
		};
/* End PBXSourcesBuildPhase section */

/* Begin PBXTargetDependency section */
		D13DBA952A334EC5008BB9AF /* PBXTargetDependency */ = {
			isa = PBXTargetDependency;
			target = D13DBA7F2A334EC3008BB9AF /* prueba */;
			targetProxy = D13DBA942A334EC5008BB9AF /* PBXContainerItemProxy */;
		};
		D13DBA9F2A334EC5008BB9AF /* PBXTargetDependency */ = {
			isa = PBXTargetDependency;
			target = D13DBA7F2A334EC3008BB9AF /* prueba */;
			targetProxy = D13DBA9E2A334EC5008BB9AF /* PBXContainerItemProxy */;
		};
/* End PBXTargetDependency section */

/* Begin XCBuildConfiguration section */
		D13DBAA52A334EC5008BB9AF /* Debug */ = {
			isa = XCBuildConfiguration;
			buildSettings = {
				ALWAYS_SEARCH_USER_PATHS = NO;
				ASSETCATALOG_COMPILER_GENERATE_SWIFT_ASSET_SYMBOL_EXTENSIONS = YES;
				CLANG_ANALYZER_NONNULL = YES;
				CLANG_ANALYZER_NUMBER_OBJECT_CONVERSION = YES_AGGRESSIVE;
				CLANG_CXX_LANGUAGE_STANDARD = "gnu++20";
				CLANG_ENABLE_MODULES = YES;
				CLANG_ENABLE_OBJC_ARC = YES;
				CLANG_ENABLE_OBJC_WEAK = YES;
				CLANG_WARN_BLOCK_CAPTURE_AUTORELEASING = YES;
				CLANG_WARN_BOOL_CONVERSION = YES;
				CLANG_WARN_COMMA = YES;
				CLANG_WARN_CONSTANT_CONVERSION = YES;
				CLANG_WARN_DEPRECATED_OBJC_IMPLEMENTATIONS = YES;
				CLANG_WARN_DIRECT_OBJC_ISA_USAGE = YES_ERROR;
				CLANG_WARN_DOCUMENTATION_COMMENTS = YES;
				CLANG_WARN_EMPTY_BODY = YES;
				CLANG_WARN_ENUM_CONVERSION = YES;
				CLANG_WARN_INFINITE_RECURSION = YES;
				CLANG_WARN_INT_CONVERSION = YES;
				CLANG_WARN_NON_LITERAL_NULL_CONVERSION = YES;
				CLANG_WARN_OBJC_IMPLICIT_RETAIN_SELF = YES;
				CLANG_WARN_OBJC_LITERAL_CONVERSION = YES;
				CLANG_WARN_OBJC_ROOT_CLASS = YES_ERROR;
				CLANG_WARN_QUOTED_INCLUDE_IN_FRAMEWORK_HEADER = YES;
				CLANG_WARN_RANGE_LOOP_ANALYSIS = YES;
				CLANG_WARN_STRICT_PROTOTYPES = YES;
				CLANG_WARN_SUSPICIOUS_MOVE = YES;
				CLANG_WARN_UNGUARDED_AVAILABILITY = YES_AGGRESSIVE;
				CLANG_WARN_UNREACHABLE_CODE = YES;
				CLANG_WARN__DUPLICATE_METHOD_MATCH = YES;
				COPY_PHASE_STRIP = NO;
				DEBUG_INFORMATION_FORMAT = dwarf;
				ENABLE_STRICT_OBJC_MSGSEND = YES;
				ENABLE_TESTABILITY = YES;
				ENABLE_USER_SCRIPT_SANDBOXING = YES;
				GCC_C_LANGUAGE_STANDARD = gnu17;
				GCC_DYNAMIC_NO_PIC = NO;
				GCC_NO_COMMON_BLOCKS = YES;
				GCC_OPTIMIZATION_LEVEL = 0;
				GCC_PREPROCESSOR_DEFINITIONS = (
					"DEBUG=1",
					"$(inherited)",
				);
				GCC_WARN_64_TO_32_BIT_CONVERSION = YES;
				GCC_WARN_ABOUT_RETURN_TYPE = YES_ERROR;
				GCC_WARN_UNDECLARED_SELECTOR = YES;
				GCC_WARN_UNINITIALIZED_AUTOS = YES_AGGRESSIVE;
				GCC_WARN_UNUSED_FUNCTION = YES;
				GCC_WARN_UNUSED_VARIABLE = YES;
				LOCALIZATION_PREFERS_STRING_CATALOGS = YES;
				MACOSX_DEPLOYMENT_TARGET = 14.0;
				MTL_ENABLE_DEBUG_INFO = INCLUDE_SOURCE;
				MTL_FAST_MATH = YES;
				ONLY_ACTIVE_ARCH = YES;
				SDKROOT = macosx;
				SWIFT_ACTIVE_COMPILATION_CONDITIONS = "DEBUG $(inherited)";
				SWIFT_OPTIMIZATION_LEVEL = "-Onone";
			};
			name = Debug;
		};
		D13DBAA62A334EC5008BB9AF /* Release */ = {
			isa = XCBuildConfiguration;
			buildSettings = {
				ALWAYS_SEARCH_USER_PATHS = NO;
				ASSETCATALOG_COMPILER_GENERATE_SWIFT_ASSET_SYMBOL_EXTENSIONS = YES;
				CLANG_ANALYZER_NONNULL = YES;
				CLANG_ANALYZER_NUMBER_OBJECT_CONVERSION = YES_AGGRESSIVE;
				CLANG_CXX_LANGUAGE_STANDARD = "gnu++20";
				CLANG_ENABLE_MODULES = YES;
				CLANG_ENABLE_OBJC_ARC = YES;
				CLANG_ENABLE_OBJC_WEAK = YES;
				CLANG_WARN_BLOCK_CAPTURE_AUTORELEASING = YES;
				CLANG_WARN_BOOL_CONVERSION = YES;
				CLANG_WARN_COMMA = YES;
				CLANG_WARN_CONSTANT_CONVERSION = YES;
				CLANG_WARN_DEPRECATED_OBJC_IMPLEMENTATIONS = YES;
				CLANG_WARN_DIRECT_OBJC_ISA_USAGE = YES_ERROR;
				CLANG_WARN_DOCUMENTATION_COMMENTS = YES;
				CLANG_WARN_EMPTY_BODY = YES;
				CLANG_WARN_ENUM_CONVERSION = YES;
				CLANG_WARN_INFINITE_RECURSION = YES;
				CLANG_WARN_INT_CONVERSION = YES;
				CLANG_WARN_NON_LITERAL_NULL_CONVERSION = YES;
				CLANG_WARN_OBJC_IMPLICIT_RETAIN_SELF = YES;
				CLANG_WARN_OBJC_LITERAL_CONVERSION = YES;
				CLANG_WARN_OBJC_ROOT_CLASS = YES_ERROR;
				CLANG_WARN_QUOTED_INCLUDE_IN_FRAMEWORK_HEADER = YES;
				CLANG_WARN_RANGE_LOOP_ANALYSIS = YES;
				CLANG_WARN_STRICT_PROTOTYPES = YES;
				CLANG_WARN_SUSPICIOUS_MOVE = YES;
				CLANG_WARN_UNGUARDED_AVAILABILITY = YES_AGGRESSIVE;
				CLANG_WARN_UNREACHABLE_CODE = YES;
				CLANG_WARN__DUPLICATE_METHOD_MATCH = YES;
				COPY_PHASE_STRIP = NO;
				DEBUG_INFORMATION_FORMAT = "dwarf-with-dsym";
				ENABLE_NS_ASSERTIONS = NO;
				ENABLE_STRICT_OBJC_MSGSEND = YES;
				ENABLE_USER_SCRIPT_SANDBOXING = YES;
				GCC_C_LANGUAGE_STANDARD = gnu17;
				GCC_NO_COMMON_BLOCKS = YES;
				GCC_WARN_64_TO_32_BIT_CONVERSION = YES;
				GCC_WARN_ABOUT_RETURN_TYPE = YES_ERROR;
				GCC_WARN_UNDECLARED_SELECTOR = YES;
				GCC_WARN_UNINITIALIZED_AUTOS = YES_AGGRESSIVE;
				GCC_WARN_UNUSED_FUNCTION = YES;
				GCC_WARN_UNUSED_VARIABLE = YES;
				LOCALIZATION_PREFERS_STRING_CATALOGS = YES;
				MACOSX_DEPLOYMENT_TARGET = 14.0;
				MTL_ENABLE_DEBUG_INFO = NO;
				MTL_FAST_MATH = YES;
				SDKROOT = macosx;
				SWIFT_COMPILATION_MODE = wholemodule;
			};
			name = Release;
		};
		D13DBAA82A334EC5008BB9AF /* Debug */ = {
			isa = XCBuildConfiguration;
			buildSettings = {
				ASSETCATALOG_COMPILER_APPICON_NAME = AppIcon;
				ASSETCATALOG_COMPILER_GLOBAL_ACCENT_COLOR_NAME = AccentColor;
				CODE_SIGN_ENTITLEMENTS = prueba/prueba.entitlements;
				CODE_SIGN_STYLE = Automatic;
				COMBINE_HIDPI_IMAGES = YES;
				CURRENT_PROJECT_VERSION = 1;
				DEVELOPMENT_ASSET_PATHS = "\"prueba/Preview Content\"";
				DEVELOPMENT_TEAM = FVGJ4L52AF;
				ENABLE_HARDENED_RUNTIME = YES;
				ENABLE_PREVIEWS = YES;
				GENERATE_INFOPLIST_FILE = YES;
				INFOPLIST_KEY_NSHumanReadableCopyright = "";
				LD_RUNPATH_SEARCH_PATHS = (
					"$(inherited)",
					"@executable_path/../Frameworks",
				);
				MARKETING_VERSION = 1.0;
				PRODUCT_BUNDLE_IDENTIFIER = nelcidodiaz.com.prueba;
				PRODUCT_NAME = "$(TARGET_NAME)";
				SWIFT_EMIT_LOC_STRINGS = YES;
				SWIFT_VERSION = 5.0;
			};
			name = Debug;
		};
		D13DBAA92A334EC5008BB9AF /* Release */ = {
			isa = XCBuildConfiguration;
			buildSettings = {
				ASSETCATALOG_COMPILER_APPICON_NAME = AppIcon;
				ASSETCATALOG_COMPILER_GLOBAL_ACCENT_COLOR_NAME = AccentColor;
				CODE_SIGN_ENTITLEMENTS = prueba/prueba.entitlements;
				CODE_SIGN_STYLE = Automatic;
				COMBINE_HIDPI_IMAGES = YES;
				CURRENT_PROJECT_VERSION = 1;
				DEVELOPMENT_ASSET_PATHS = "\"prueba/Preview Content\"";
				DEVELOPMENT_TEAM = FVGJ4L52AF;
				ENABLE_HARDENED_RUNTIME = YES;
				ENABLE_PREVIEWS = YES;
				GENERATE_INFOPLIST_FILE = YES;
				INFOPLIST_KEY_NSHumanReadableCopyright = "";
				LD_RUNPATH_SEARCH_PATHS = (
					"$(inherited)",
					"@executable_path/../Frameworks",
				);
				MARKETING_VERSION = 1.0;
				PRODUCT_BUNDLE_IDENTIFIER = nelcidodiaz.com.prueba;
				PRODUCT_NAME = "$(TARGET_NAME)";
				SWIFT_EMIT_LOC_STRINGS = YES;
				SWIFT_VERSION = 5.0;
			};
			name = Release;
		};
		D13DBAAB2A334EC5008BB9AF /* Debug */ = {
			isa = XCBuildConfiguration;
			buildSettings = {
				ALWAYS_EMBED_SWIFT_STANDARD_LIBRARIES = YES;
				BUNDLE_LOADER = "$(TEST_HOST)";
				CODE_SIGN_STYLE = Automatic;
				CURRENT_PROJECT_VERSION = 1;
				DEVELOPMENT_TEAM = FVGJ4L52AF;
				GENERATE_INFOPLIST_FILE = YES;
				MACOSX_DEPLOYMENT_TARGET = 14.0;
				MARKETING_VERSION = 1.0;
				PRODUCT_BUNDLE_IDENTIFIER = nelcidodiaz.com.pruebaTests;
				PRODUCT_NAME = "$(TARGET_NAME)";
				SWIFT_EMIT_LOC_STRINGS = NO;
				SWIFT_VERSION = 5.0;
				TEST_HOST = "$(BUILT_PRODUCTS_DIR)/prueba.app/$(BUNDLE_EXECUTABLE_FOLDER_PATH)/prueba";
			};
			name = Debug;
		};
		D13DBAAC2A334EC5008BB9AF /* Release */ = {
			isa = XCBuildConfiguration;
			buildSettings = {
				ALWAYS_EMBED_SWIFT_STANDARD_LIBRARIES = YES;
				BUNDLE_LOADER = "$(TEST_HOST)";
				CODE_SIGN_STYLE = Automatic;
				CURRENT_PROJECT_VERSION = 1;
				DEVELOPMENT_TEAM = FVGJ4L52AF;
				GENERATE_INFOPLIST_FILE = YES;
				MACOSX_DEPLOYMENT_TARGET = 14.0;
				MARKETING_VERSION = 1.0;
				PRODUCT_BUNDLE_IDENTIFIER = nelcidodiaz.com.pruebaTests;
				PRODUCT_NAME = "$(TARGET_NAME)";
				SWIFT_EMIT_LOC_STRINGS = NO;
				SWIFT_VERSION = 5.0;
				TEST_HOST = "$(BUILT_PRODUCTS_DIR)/prueba.app/$(BUNDLE_EXECUTABLE_FOLDER_PATH)/prueba";
			};
			name = Release;
		};
		D13DBAAE2A334EC5008BB9AF /* Debug */ = {
			isa = XCBuildConfiguration;
			buildSettings = {
				ALWAYS_EMBED_SWIFT_STANDARD_LIBRARIES = YES;
				CODE_SIGN_STYLE = Automatic;
				CURRENT_PROJECT_VERSION = 1;
				DEVELOPMENT_TEAM = FVGJ4L52AF;
				GENERATE_INFOPLIST_FILE = YES;
				MARKETING_VERSION = 1.0;
				PRODUCT_BUNDLE_IDENTIFIER = nelcidodiaz.com.pruebaUITests;
				PRODUCT_NAME = "$(TARGET_NAME)";
				SWIFT_EMIT_LOC_STRINGS = NO;
				SWIFT_VERSION = 5.0;
				TEST_TARGET_NAME = prueba;
			};
			name = Debug;
		};
		D13DBAAF2A334EC5008BB9AF /* Release */ = {
			isa = XCBuildConfiguration;
			buildSettings = {
				ALWAYS_EMBED_SWIFT_STANDARD_LIBRARIES = YES;
				CODE_SIGN_STYLE = Automatic;
				CURRENT_PROJECT_VERSION = 1;
				DEVELOPMENT_TEAM = FVGJ4L52AF;
				GENERATE_INFOPLIST_FILE = YES;
				MARKETING_VERSION = 1.0;
				PRODUCT_BUNDLE_IDENTIFIER = nelcidodiaz.com.pruebaUITests;
				PRODUCT_NAME = "$(TARGET_NAME)";
				SWIFT_EMIT_LOC_STRINGS = NO;
				SWIFT_VERSION = 5.0;
				TEST_TARGET_NAME = prueba;
			};
			name = Release;
		};
/* End XCBuildConfiguration section */

/* Begin XCConfigurationList section */
		D13DBA7B2A334EC3008BB9AF /* Build configuration list for PBXProject "prueba" */ = {
			isa = XCConfigurationList;
			buildConfigurations = (
				D13DBAA52A334EC5008BB9AF /* Debug */,
				D13DBAA62A334EC5008BB9AF /* Release */,
			);
			defaultConfigurationIsVisible = 0;
			defaultConfigurationName = Release;
		};
		D13DBAA72A334EC5008BB9AF /* Build configuration list for PBXNativeTarget "prueba" */ = {
			isa = XCConfigurationList;
			buildConfigurations = (
				D13DBAA82A334EC5008BB9AF /* Debug */,
				D13DBAA92A334EC5008BB9AF /* Release */,
			);
			defaultConfigurationIsVisible = 0;
			defaultConfigurationName = Release;
		};
		D13DBAAA2A334EC5008BB9AF /* Build configuration list for PBXNativeTarget "pruebaTests" */ = {
			isa = XCConfigurationList;
			buildConfigurations = (
				D13DBAAB2A334EC5008BB9AF /* Debug */,
				D13DBAAC2A334EC5008BB9AF /* Release */,
			);
			defaultConfigurationIsVisible = 0;
			defaultConfigurationName = Release;
		};
		D13DBAAD2A334EC5008BB9AF /* Build configuration list for PBXNativeTarget "pruebaUITests" */ = {
			isa = XCConfigurationList;
			buildConfigurations = (
				D13DBAAE2A334EC5008BB9AF /* Debug */,
				D13DBAAF2A334EC5008BB9AF /* Release */,
			);
			defaultConfigurationIsVisible = 0;
			defaultConfigurationName = Release;
		};
/* End XCConfigurationList section */
	};
	rootObject = D13DBA782A334EC3008BB9AF /* Project object */;
}
